
Microsoft Visual Studio Solution File, Format Version 12.00
# Visual Studio Version 16
VisualStudioVersion = 16.0.31624.102
MinimumVisualStudioVersion = 10.0.40219.1
Project("{FAE04EC0-301F-11D3-BF4B-00C04F79EFBC}") = "BookAPI", "BookAPI\BookAPI.csproj", "{763B1602-E293-4DAF-8F18-6BE14F5930FA}"
EndProject
Global
	GlobalSection(SolutionConfigurationPlatforms) = preSolution
		Debug|Any CPU = Debug|Any CPU
		Release|Any CPU = Release|Any CPU
	EndGlobalSection
	GlobalSection(ProjectConfigurationPlatforms) = postSolution
		{763B1602-E293-4DAF-8F18-6BE14F5930FA}.Debug|Any CPU.ActiveCfg = Debug|Any CPU
		{763B1602-E293-4DAF-8F18-6BE14F5930FA}.Debug|Any CPU.Build.0 = Debug|Any CPU
		{763B1602-E293-4DAF-8F18-6BE14F5930FA}.Release|Any CPU.ActiveCfg = Release|Any CPU
		{763B1602-E293-4DAF-8F18-6BE14F5930FA}.Release|Any CPU.Build.0 = Release|Any CPU
	EndGlobalSection
	GlobalSection(SolutionProperties) = preSolution
		HideSolutionNode = FALSE
	EndGlobalSection
	GlobalSection(ExtensibilityGlobals) = postSolution
		SolutionGuid = {46AC4FEA-E4CF-4E99-8F43-A54812FE696F}
	EndGlobalSection
EndGlobal
